{
  "version": 4,
  "terraform_version": "1.9.3",
  "serial": 379,
  "lineage": "ac943a5f-53ec-bf99-2183-ee278258c582",
  "outputs": {},
  "resources": [
    {
      "mode": "data",
      "type": "aws_eks_cluster",
      "name": "eks",
      "provider": "provider[\"registry.terraform.io/hashicorp/aws\"]",
      "instances": [
        {
          "schema_version": 0,
          "attributes": {
            "access_config": [
              {
                "authentication_mode": "API",
                "bootstrap_cluster_creator_admin_permissions": true
              }
            ],
            "arn": "arn:aws:eks:us-east-1:923889636262:cluster/staging-demo",
            "certificate_authority": [
              {
                "data": "LS0tLS1CRUdJTiBDRVJUSUZJQ0FURS0tLS0tCk1JSURCVENDQWUyZ0F3SUJBZ0lJTDcwUDJkRDRhNHN3RFFZSktvWklodmNOQVFFTEJRQXdGVEVUTUJFR0ExVUUKQXhNS2EzVmlaWEp1WlhSbGN6QWVGdzB5TkRBNE1qZ3dOREV4TVROYUZ3MHpOREE0TWpZd05ERTJNVE5hTUJVeApFekFSQmdOVkJBTVRDbXQxWW1WeWJtVjBaWE13Z2dFaU1BMEdDU3FHU0liM0RRRUJBUVVBQTRJQkR3QXdnZ0VLCkFvSUJBUURrQmx6SzJ5QWdwblBUdExWbEx3QXFqUFJFOEdwVDF6dmtuaVA2YU9vSlBhc0ljVnJzMUpIZWNESTMKQXBwL1hIVjBYNGUrNHYxaEtmeFFtZjRvdDFmaUpzRGxZc0VMOVljdm9COGNibkVZRE5ZSVdBSytMMU1rbWRVcgpCMzhkVGtac0NrZFBUWUdwVi94REYvcndQVjlrejg2ZUxQWHM5WG51RXk0UlRxMGd6blBIdFZZVklWc1pxYTRVCjRIOWFlSW9ITmQyVHBxWG1Fc2dtYTl0emtXRVdNdm04dnVIMmV6WWtEdVA3RUFTcmxnaTlqQURENDhNTHlVY28KcjdpdFloSGhYMEYyZmhBclBQdXk5UXQvTGZXQ29XbnR3MnpRSTZrRmh6T1JMZ1ZIMytVbGdIUUNldVZtdkQvVwo0R3lVemJBT1J4ayt0RDA5Qzd1TlJ6N1g2NDFqQWdNQkFBR2pXVEJYTUE0R0ExVWREd0VCL3dRRUF3SUNwREFQCkJnTlZIUk1CQWY4RUJUQURBUUgvTUIwR0ExVWREZ1FXQkJSeWlkbGpyaWpJM3dURFovUDNTMUF1eWN5ZmREQVYKQmdOVkhSRUVEakFNZ2dwcmRXSmxjbTVsZEdWek1BMEdDU3FHU0liM0RRRUJDd1VBQTRJQkFRQWxFTFpzcUVoSgpPbmlIVllrcWlTQUpGSlkyMHE1YjVaQ1pQL2U5WXk0Tko2a1lhR3diU2l2SkZvNXJjei9XVlI1Sy9sV3pZWUZFCkpjL3cxQ0RsTXpDbzc5MnR6elJVVGx3QnI4dGJkcitmMXk4SENwVE9mb2lMQm1FajVjTkFja3RDNUdFNExSdjIKT1FpNTdnajZDTUc4N1h5ekF5bFpzc3FRRm1SL3RxVXM0WFIrREIzWHVzT0g4d3ZOSTNIUUo3UzhPN3JaSkNCSwpuOWU5VWIzeHVTanhGY0hURmxseGhydFQ1WjE1S2RjaDh5WVpobVNBY3hSd3lnR1NGMzBtZXJVcEM3SXJTdTkvCjA3M3o5U21vNDR6d3JCRU1sWFU3MkZDZEZWVUlrY0tvNlIySzlKUmdkZ3RtOUl6UUo5eW4ybTdLTm54VFphUWMKNW9WV0pCeGw2eVBhCi0tLS0tRU5EIENFUlRJRklDQVRFLS0tLS0K"
              }
            ],
            "cluster_id": null,
            "created_at": "2024-08-28 04:12:02.437 +0000 UTC",
            "enabled_cluster_log_types": [],
            "endpoint": "https://B1556EDFFFBA4208B34F89C91D82FB53.gr7.us-east-1.eks.amazonaws.com",
            "id": "staging-demo",
            "identity": [
              {
                "oidc": [
                  {
                    "issuer": "https://oidc.eks.us-east-1.amazonaws.com/id/B1556EDFFFBA4208B34F89C91D82FB53"
                  }
                ]
              }
            ],
            "kubernetes_network_config": [
              {
                "ip_family": "ipv4",
                "service_ipv4_cidr": "172.20.0.0/16",
                "service_ipv6_cidr": ""
              }
            ],
            "name": "staging-demo",
            "outpost_config": [],
            "platform_version": "eks.6",
            "role_arn": "arn:aws:iam::923889636262:role/staging-demo-cluster",
            "status": "ACTIVE",
            "tags": {},
            "upgrade_policy": [
              {
                "support_type": "EXTENDED"
              }
            ],
            "version": "1.30",
            "vpc_config": [
              {
                "cluster_security_group_id": "sg-0f3233ba37d30da4e",
                "endpoint_private_access": false,
                "endpoint_public_access": true,
                "public_access_cidrs": [
                  "0.0.0.0/0"
                ],
                "security_group_ids": [],
                "subnet_ids": [
                  "subnet-0370766a3c413757a",
                  "subnet-0974788dbc823cc91"
                ],
                "vpc_id": "vpc-0cd3bc899d6e2d33c"
              }
            ]
          },
          "sensitive_attributes": []
        }
      ]
    },
    {
      "mode": "data",
      "type": "aws_eks_cluster_auth",
      "name": "eks",
      "provider": "provider[\"registry.terraform.io/hashicorp/aws\"]",
      "instances": [
        {
          "schema_version": 0,
          "attributes": {
            "id": "staging-demo",
            "name": "staging-demo",
            "token": "k8s-aws-v1.aHR0cHM6Ly9zdHMudXMtZWFzdC0xLmFtYXpvbmF3cy5jb20vP0FjdGlvbj1HZXRDYWxsZXJJZGVudGl0eSZWZXJzaW9uPTIwMTEtMDYtMTUmWC1BbXotQWxnb3JpdGhtPUFXUzQtSE1BQy1TSEEyNTYmWC1BbXotQ3JlZGVudGlhbD1BS0lBNU9IQTVDT1RFQTJZVFdXWSUyRjIwMjQwODI4JTJGdXMtZWFzdC0xJTJGc3RzJTJGYXdzNF9yZXF1ZXN0JlgtQW16LURhdGU9MjAyNDA4MjhUMDgyNDMxWiZYLUFtei1FeHBpcmVzPTAmWC1BbXotU2lnbmVkSGVhZGVycz1ob3N0JTNCeC1rOHMtYXdzLWlkJlgtQW16LVNpZ25hdHVyZT01YTY1YTY5M2NjZGQyYTczZWQ4M2M3MzkwZjlhMGMzMTZhNmI0YzY5YmIyNmExMTE5M2UxMTQ3YjU5OWRhMDg0"
          },
          "sensitive_attributes": [
            [
              {
                "type": "get_attr",
                "value": "token"
              }
            ]
          ]
        }
      ]
    },
    {
      "mode": "managed",
      "type": "aws_eks_cluster",
      "name": "eks",
      "provider": "provider[\"registry.terraform.io/hashicorp/aws\"]",
      "instances": [
        {
          "schema_version": 1,
          "attributes": {
            "access_config": [
              {
                "authentication_mode": "API",
                "bootstrap_cluster_creator_admin_permissions": true
              }
            ],
            "arn": "arn:aws:eks:us-east-1:923889636262:cluster/staging-demo",
            "bootstrap_self_managed_addons": true,
            "certificate_authority": [
              {
                "data": "LS0tLS1CRUdJTiBDRVJUSUZJQ0FURS0tLS0tCk1JSURCVENDQWUyZ0F3SUJBZ0lJTDcwUDJkRDRhNHN3RFFZSktvWklodmNOQVFFTEJRQXdGVEVUTUJFR0ExVUUKQXhNS2EzVmlaWEp1WlhSbGN6QWVGdzB5TkRBNE1qZ3dOREV4TVROYUZ3MHpOREE0TWpZd05ERTJNVE5hTUJVeApFekFSQmdOVkJBTVRDbXQxWW1WeWJtVjBaWE13Z2dFaU1BMEdDU3FHU0liM0RRRUJBUVVBQTRJQkR3QXdnZ0VLCkFvSUJBUURrQmx6SzJ5QWdwblBUdExWbEx3QXFqUFJFOEdwVDF6dmtuaVA2YU9vSlBhc0ljVnJzMUpIZWNESTMKQXBwL1hIVjBYNGUrNHYxaEtmeFFtZjRvdDFmaUpzRGxZc0VMOVljdm9COGNibkVZRE5ZSVdBSytMMU1rbWRVcgpCMzhkVGtac0NrZFBUWUdwVi94REYvcndQVjlrejg2ZUxQWHM5WG51RXk0UlRxMGd6blBIdFZZVklWc1pxYTRVCjRIOWFlSW9ITmQyVHBxWG1Fc2dtYTl0emtXRVdNdm04dnVIMmV6WWtEdVA3RUFTcmxnaTlqQURENDhNTHlVY28KcjdpdFloSGhYMEYyZmhBclBQdXk5UXQvTGZXQ29XbnR3MnpRSTZrRmh6T1JMZ1ZIMytVbGdIUUNldVZtdkQvVwo0R3lVemJBT1J4ayt0RDA5Qzd1TlJ6N1g2NDFqQWdNQkFBR2pXVEJYTUE0R0ExVWREd0VCL3dRRUF3SUNwREFQCkJnTlZIUk1CQWY4RUJUQURBUUgvTUIwR0ExVWREZ1FXQkJSeWlkbGpyaWpJM3dURFovUDNTMUF1eWN5ZmREQVYKQmdOVkhSRUVEakFNZ2dwcmRXSmxjbTVsZEdWek1BMEdDU3FHU0liM0RRRUJDd1VBQTRJQkFRQWxFTFpzcUVoSgpPbmlIVllrcWlTQUpGSlkyMHE1YjVaQ1pQL2U5WXk0Tko2a1lhR3diU2l2SkZvNXJjei9XVlI1Sy9sV3pZWUZFCkpjL3cxQ0RsTXpDbzc5MnR6elJVVGx3QnI4dGJkcitmMXk4SENwVE9mb2lMQm1FajVjTkFja3RDNUdFNExSdjIKT1FpNTdnajZDTUc4N1h5ekF5bFpzc3FRRm1SL3RxVXM0WFIrREIzWHVzT0g4d3ZOSTNIUUo3UzhPN3JaSkNCSwpuOWU5VWIzeHVTanhGY0hURmxseGhydFQ1WjE1S2RjaDh5WVpobVNBY3hSd3lnR1NGMzBtZXJVcEM3SXJTdTkvCjA3M3o5U21vNDR6d3JCRU1sWFU3MkZDZEZWVUlrY0tvNlIySzlKUmdkZ3RtOUl6UUo5eW4ybTdLTm54VFphUWMKNW9WV0pCeGw2eVBhCi0tLS0tRU5EIENFUlRJRklDQVRFLS0tLS0K"
              }
            ],
            "cluster_id": null,
            "created_at": "2024-08-28 04:12:02.437 +0000 UTC",
            "enabled_cluster_log_types": [],
            "encryption_config": [],
            "endpoint": "https://B1556EDFFFBA4208B34F89C91D82FB53.gr7.us-east-1.eks.amazonaws.com",
            "id": "staging-demo",
            "identity": [
              {
                "oidc": [
                  {
                    "issuer": "https://oidc.eks.us-east-1.amazonaws.com/id/B1556EDFFFBA4208B34F89C91D82FB53"
                  }
                ]
              }
            ],
            "kubernetes_network_config": [
              {
                "ip_family": "ipv4",
                "service_ipv4_cidr": "172.20.0.0/16",
                "service_ipv6_cidr": ""
              }
            ],
            "name": "staging-demo",
            "outpost_config": [],
            "platform_version": "eks.6",
            "role_arn": "arn:aws:iam::923889636262:role/staging-demo-cluster",
            "status": "ACTIVE",
            "tags": {},
            "tags_all": {},
            "timeouts": null,
            "upgrade_policy": [
              {
                "support_type": "EXTENDED"
              }
            ],
            "version": "1.30",
            "vpc_config": [
              {
                "cluster_security_group_id": "sg-0f3233ba37d30da4e",
                "endpoint_private_access": false,
                "endpoint_public_access": true,
                "public_access_cidrs": [
                  "0.0.0.0/0"
                ],
                "security_group_ids": [],
                "subnet_ids": [
                  "subnet-0370766a3c413757a",
                  "subnet-0974788dbc823cc91"
                ],
                "vpc_id": "vpc-0cd3bc899d6e2d33c"
              }
            ]
          },
          "sensitive_attributes": [],
          "private": "eyJlMmJmYjczMC1lY2FhLTExZTYtOGY4OC0zNDM2M2JjN2M0YzAiOnsiY3JlYXRlIjoxODAwMDAwMDAwMDAwLCJkZWxldGUiOjkwMDAwMDAwMDAwMCwidXBkYXRlIjozNjAwMDAwMDAwMDAwfSwic2NoZW1hX3ZlcnNpb24iOiIxIn0=",
          "dependencies": [
            "aws_iam_role.eks",
            "aws_iam_role_policy_attachment.eks",
            "aws_subnet.private-zone1",
            "aws_subnet.private-zone2",
            "aws_vpc.main"
          ]
        }
      ]
    },
    {
      "mode": "managed",
      "type": "aws_iam_role",
      "name": "eks",
      "provider": "provider[\"registry.terraform.io/hashicorp/aws\"]",
      "instances": [
        {
          "schema_version": 0,
          "attributes": {
            "arn": "arn:aws:iam::923889636262:role/staging-demo-cluster",
            "assume_role_policy": "{\"Statement\":[{\"Action\":\"sts:AssumeRole\",\"Effect\":\"Allow\",\"Principal\":{\"Service\":\"eks.amazonaws.com\"}}],\"Version\":\"2012-10-17\"}",
            "create_date": "2024-08-28T04:11:46Z",
            "description": "",
            "force_detach_policies": false,
            "id": "staging-demo-cluster",
            "inline_policy": [],
            "managed_policy_arns": [
              "arn:aws:iam::aws:policy/AmazonEKSClusterPolicy"
            ],
            "max_session_duration": 3600,
            "name": "staging-demo-cluster",
            "name_prefix": "",
            "path": "/",
            "permissions_boundary": "",
            "tags": {},
            "tags_all": {},
            "unique_id": "AROA5OHA5COTHFC3BHK55"
          },
          "sensitive_attributes": [],
          "private": "bnVsbA=="
        }
      ]
    },
    {
      "mode": "managed",
      "type": "aws_iam_role_policy_attachment",
      "name": "eks",
      "provider": "provider[\"registry.terraform.io/hashicorp/aws\"]",
      "instances": [
        {
          "schema_version": 0,
          "attributes": {
            "id": "staging-demo-cluster-20240828041147574800000003",
            "policy_arn": "arn:aws:iam::aws:policy/AmazonEKSClusterPolicy",
            "role": "staging-demo-cluster"
          },
          "sensitive_attributes": [],
          "private": "bnVsbA==",
          "dependencies": [
            "aws_iam_role.eks"
          ]
        }
      ]
    },
    {
      "mode": "managed",
      "type": "aws_subnet",
      "name": "private-zone1",
      "provider": "provider[\"registry.terraform.io/hashicorp/aws\"]",
      "instances": [
        {
          "schema_version": 1,
          "attributes": {
            "arn": "arn:aws:ec2:us-east-1:923889636262:subnet/subnet-0974788dbc823cc91",
            "assign_ipv6_address_on_creation": false,
            "availability_zone": "us-east-1a",
            "availability_zone_id": "use1-az4",
            "cidr_block": "10.0.0.0/19",
            "customer_owned_ipv4_pool": "",
            "enable_dns64": false,
            "enable_lni_at_device_index": 0,
            "enable_resource_name_dns_a_record_on_launch": false,
            "enable_resource_name_dns_aaaa_record_on_launch": false,
            "id": "subnet-0974788dbc823cc91",
            "ipv6_cidr_block": "",
            "ipv6_cidr_block_association_id": "",
            "ipv6_native": false,
            "map_customer_owned_ip_on_launch": false,
            "map_public_ip_on_launch": false,
            "outpost_arn": "",
            "owner_id": "923889636262",
            "private_dns_hostname_type_on_launch": "ip-name",
            "tags": {
              "Name": "staging-private-us-east-1a",
              "kubernetes.io/cluster/staging-demo": "owned",
              "kubernetes.io/role/internal-elb": "1"
            },
            "tags_all": {
              "Name": "staging-private-us-east-1a",
              "kubernetes.io/cluster/staging-demo": "owned",
              "kubernetes.io/role/internal-elb": "1"
            },
            "timeouts": null,
            "vpc_id": "vpc-0cd3bc899d6e2d33c"
          },
          "sensitive_attributes": [],
          "private": "eyJlMmJmYjczMC1lY2FhLTExZTYtOGY4OC0zNDM2M2JjN2M0YzAiOnsiY3JlYXRlIjo2MDAwMDAwMDAwMDAsImRlbGV0ZSI6MTIwMDAwMDAwMDAwMH0sInNjaGVtYV92ZXJzaW9uIjoiMSJ9",
          "dependencies": [
            "aws_vpc.main"
          ]
        }
      ]
    },
    {
      "mode": "managed",
      "type": "aws_subnet",
      "name": "private-zone2",
      "provider": "provider[\"registry.terraform.io/hashicorp/aws\"]",
      "instances": [
        {
          "schema_version": 1,
          "attributes": {
            "arn": "arn:aws:ec2:us-east-1:923889636262:subnet/subnet-0370766a3c413757a",
            "assign_ipv6_address_on_creation": false,
            "availability_zone": "us-east-1b",
            "availability_zone_id": "use1-az6",
            "cidr_block": "10.0.32.0/19",
            "customer_owned_ipv4_pool": "",
            "enable_dns64": false,
            "enable_lni_at_device_index": 0,
            "enable_resource_name_dns_a_record_on_launch": false,
            "enable_resource_name_dns_aaaa_record_on_launch": false,
            "id": "subnet-0370766a3c413757a",
            "ipv6_cidr_block": "",
            "ipv6_cidr_block_association_id": "",
            "ipv6_native": false,
            "map_customer_owned_ip_on_launch": false,
            "map_public_ip_on_launch": false,
            "outpost_arn": "",
            "owner_id": "923889636262",
            "private_dns_hostname_type_on_launch": "ip-name",
            "tags": {
              "Name": "staging-private-us-east-1b",
              "kubernetes.io/cluster/staging-demo": "owned",
              "kubernetes.io/role/internal-elb": "1"
            },
            "tags_all": {
              "Name": "staging-private-us-east-1b",
              "kubernetes.io/cluster/staging-demo": "owned",
              "kubernetes.io/role/internal-elb": "1"
            },
            "timeouts": null,
            "vpc_id": "vpc-0cd3bc899d6e2d33c"
          },
          "sensitive_attributes": [],
          "private": "eyJlMmJmYjczMC1lY2FhLTExZTYtOGY4OC0zNDM2M2JjN2M0YzAiOnsiY3JlYXRlIjo2MDAwMDAwMDAwMDAsImRlbGV0ZSI6MTIwMDAwMDAwMDAwMH0sInNjaGVtYV92ZXJzaW9uIjoiMSJ9",
          "dependencies": [
            "aws_vpc.main"
          ]
        }
      ]
    },
    {
      "mode": "managed",
      "type": "aws_vpc",
      "name": "main",
      "provider": "provider[\"registry.terraform.io/hashicorp/aws\"]",
      "instances": [
        {
          "schema_version": 1,
          "attributes": {
            "arn": "arn:aws:ec2:us-east-1:923889636262:vpc/vpc-0cd3bc899d6e2d33c",
            "assign_generated_ipv6_cidr_block": false,
            "cidr_block": "10.0.0.0/16",
            "default_network_acl_id": "acl-0c9df0b2bb8efaef8",
            "default_route_table_id": "rtb-0ce6acd8d144fedb3",
            "default_security_group_id": "sg-041a9829e71e6c76f",
            "dhcp_options_id": "dopt-0ef912c04f6deca11",
            "enable_dns_hostnames": true,
            "enable_dns_support": true,
            "enable_network_address_usage_metrics": false,
            "id": "vpc-0cd3bc899d6e2d33c",
            "instance_tenancy": "default",
            "ipv4_ipam_pool_id": null,
            "ipv4_netmask_length": null,
            "ipv6_association_id": "",
            "ipv6_cidr_block": "",
            "ipv6_cidr_block_network_border_group": "",
            "ipv6_ipam_pool_id": "",
            "ipv6_netmask_length": 0,
            "main_route_table_id": "rtb-0ce6acd8d144fedb3",
            "owner_id": "923889636262",
            "tags": {
              "Name": "staging-main"
            },
            "tags_all": {
              "Name": "staging-main"
            }
          },
          "sensitive_attributes": [],
          "private": "eyJzY2hlbWFfdmVyc2lvbiI6IjEifQ=="
        }
      ]
    },
    {
      "mode": "managed",
      "type": "helm_release",
      "name": "aws_lbcmain",
      "provider": "provider[\"registry.terraform.io/hashicorp/helm\"]",
      "instances": [
        {
          "schema_version": 1,
          "attributes": {
            "atomic": false,
            "chart": "aws-load-balancer-controller",
            "cleanup_on_fail": false,
            "create_namespace": false,
            "dependency_update": false,
            "description": null,
            "devel": null,
            "disable_crd_hooks": false,
            "disable_openapi_validation": false,
            "disable_webhooks": false,
            "force_update": false,
            "id": "aws-load-balancer-controller",
            "keyring": null,
            "lint": false,
            "manifest": null,
            "max_history": 0,
            "metadata": [
              {
                "app_version": "v2.8.1",
                "chart": "aws-load-balancer-controller",
                "first_deployed": 1724825542,
                "last_deployed": 1724825542,
                "name": "aws-load-balancer-controller",
                "namespace": "kube-system",
                "notes": "AWS Load Balancer controller installed!\n",
                "revision": 1,
                "values": "{\"clusterName\":\"staging-demo\",\"serviceAccount\":{\"name\":\"aws-load-balancer-controller\"},\"vpcId\":\"vpc-0cd3bc899d6e2d33c\"}",
                "version": "1.8.1"
              }
            ],
            "name": "aws-load-balancer-controller",
            "namespace": "kube-system",
            "pass_credentials": false,
            "postrender": [],
            "recreate_pods": false,
            "render_subchart_notes": true,
            "replace": false,
            "repository": "https://aws.github.io/eks-charts",
            "repository_ca_file": null,
            "repository_cert_file": null,
            "repository_key_file": null,
            "repository_password": null,
            "repository_username": null,
            "reset_values": false,
            "reuse_values": false,
            "set": [
              {
                "name": "clusterName",
                "type": "",
                "value": "staging-demo"
              },
              {
                "name": "serviceAccount.name",
                "type": "",
                "value": "aws-load-balancer-controller"
              },
              {
                "name": "vpcId",
                "type": "",
                "value": "vpc-0cd3bc899d6e2d33c"
              }
            ],
            "set_list": [],
            "set_sensitive": [],
            "skip_crds": false,
            "status": "deployed",
            "timeout": 300,
            "upgrade_install": null,
            "values": null,
            "verify": false,
            "version": "1.8.1",
            "wait": true,
            "wait_for_jobs": false
          },
          "sensitive_attributes": [
            [
              {
                "type": "get_attr",
                "value": "repository_password"
              }
            ]
          ],
          "private": "eyJzY2hlbWFfdmVyc2lvbiI6IjEifQ==",
          "dependencies": [
            "aws_eks_cluster.eks",
            "aws_iam_role.eks",
            "aws_iam_role_policy_attachment.eks",
            "aws_subnet.private-zone1",
            "aws_subnet.private-zone2",
            "aws_vpc.main",
            "data.aws_eks_cluster.eks",
            "data.aws_eks_cluster_auth.eks"
          ]
        }
      ]
    }
  ],
  "check_results": null
}
